
Microsoft Visual Studio Solution File, Format Version 12.00
# Visual Studio Version 17
VisualStudioVersion = 17.11.35327.3
MinimumVisualStudioVersion = 10.0.40219.1
Project("{9A19103F-16F7-4668-BE54-9A1E7A4F7556}") = "creaciontoken", "creaciontoken.csproj", "{F1A3FDF0-AC21-4A6B-9707-05DC2BEDE911}"
EndProject
Project("{FAE04EC0-301F-11D3-BF4B-00C04F79EFBC}") = "DAOs", "..\DAOs\DAOs.csproj", "{FB833373-F32B-4A41-8DB9-9B8D1A8C903B}"
EndProject
Global
	GlobalSection(SolutionConfigurationPlatforms) = preSolution
		Debug|Any CPU = Debug|Any CPU
		Release|Any CPU = Release|Any CPU
	EndGlobalSection
	GlobalSection(ProjectConfigurationPlatforms) = postSolution
		{F1A3FDF0-AC21-4A6B-9707-05DC2BEDE911}.Debug|Any CPU.ActiveCfg = Debug|Any CPU
		{F1A3FDF0-AC21-4A6B-9707-05DC2BEDE911}.Debug|Any CPU.Build.0 = Debug|Any CPU
		{F1A3FDF0-AC21-4A6B-9707-05DC2BEDE911}.Release|Any CPU.ActiveCfg = Release|Any CPU
		{F1A3FDF0-AC21-4A6B-9707-05DC2BEDE911}.Release|Any CPU.Build.0 = Release|Any CPU
		{FB833373-F32B-4A41-8DB9-9B8D1A8C903B}.Debug|Any CPU.ActiveCfg = Debug|Any CPU
		{FB833373-F32B-4A41-8DB9-9B8D1A8C903B}.Debug|Any CPU.Build.0 = Debug|Any CPU
		{FB833373-F32B-4A41-8DB9-9B8D1A8C903B}.Release|Any CPU.ActiveCfg = Release|Any CPU
		{FB833373-F32B-4A41-8DB9-9B8D1A8C903B}.Release|Any CPU.Build.0 = Release|Any CPU
	EndGlobalSection
	GlobalSection(SolutionProperties) = preSolution
		HideSolutionNode = FALSE
	EndGlobalSection
	GlobalSection(ExtensibilityGlobals) = postSolution
		SolutionGuid = {B21814B9-04F0-48BD-B784-C7D416F2F47D}
	EndGlobalSection
EndGlobal
