
Microsoft Visual Studio Solution File, Format Version 12.00
# Visual Studio Version 17
VisualStudioVersion = 17.11.35327.3
MinimumVisualStudioVersion = 10.0.40219.1
Project("{9A19103F-16F7-4668-BE54-9A1E7A4F7556}") = "WebApplication1", "WebApplication1\WebApplication1.csproj", "{D9BE95AF-47D6-4157-86E4-882C2C7AB21D}"
EndProject
Project("{FAE04EC0-301F-11D3-BF4B-00C04F79EFBC}") = "DAOs", "DAOs\DAOs.csproj", "{2B357169-C918-40A1-9065-F992B120CC28}"
EndProject
Global
	GlobalSection(SolutionConfigurationPlatforms) = preSolution
		Debug|Any CPU = Debug|Any CPU
		Release|Any CPU = Release|Any CPU
	EndGlobalSection
	GlobalSection(ProjectConfigurationPlatforms) = postSolution
		{D9BE95AF-47D6-4157-86E4-882C2C7AB21D}.Debug|Any CPU.ActiveCfg = Debug|Any CPU
		{D9BE95AF-47D6-4157-86E4-882C2C7AB21D}.Debug|Any CPU.Build.0 = Debug|Any CPU
		{D9BE95AF-47D6-4157-86E4-882C2C7AB21D}.Release|Any CPU.ActiveCfg = Release|Any CPU
		{D9BE95AF-47D6-4157-86E4-882C2C7AB21D}.Release|Any CPU.Build.0 = Release|Any CPU
		{2B357169-C918-40A1-9065-F992B120CC28}.Debug|Any CPU.ActiveCfg = Debug|Any CPU
		{2B357169-C918-40A1-9065-F992B120CC28}.Debug|Any CPU.Build.0 = Debug|Any CPU
		{2B357169-C918-40A1-9065-F992B120CC28}.Release|Any CPU.ActiveCfg = Release|Any CPU
		{2B357169-C918-40A1-9065-F992B120CC28}.Release|Any CPU.Build.0 = Release|Any CPU
	EndGlobalSection
	GlobalSection(SolutionProperties) = preSolution
		HideSolutionNode = FALSE
	EndGlobalSection
	GlobalSection(ExtensibilityGlobals) = postSolution
		SolutionGuid = {45A9FF3A-FACB-4C66-A62B-0CAC9E2339E7}
	EndGlobalSection
EndGlobal
