
Microsoft Visual Studio Solution File, Format Version 12.00
# Visual Studio Version 17
VisualStudioVersion = 17.11.35327.3
MinimumVisualStudioVersion = 10.0.40219.1
Project("{FAE04EC0-301F-11D3-BF4B-00C04F79EFBC}") = "Conexion_db_borrado_logico", "Conexion_db_borrado_logico\Conexion_db_borrado_logico.csproj", "{BF93EE56-7669-4318-97F2-619DBD3DBBAA}"
EndProject
Global
	GlobalSection(SolutionConfigurationPlatforms) = preSolution
		Debug|Any CPU = Debug|Any CPU
		Release|Any CPU = Release|Any CPU
	EndGlobalSection
	GlobalSection(ProjectConfigurationPlatforms) = postSolution
		{BF93EE56-7669-4318-97F2-619DBD3DBBAA}.Debug|Any CPU.ActiveCfg = Debug|Any CPU
		{BF93EE56-7669-4318-97F2-619DBD3DBBAA}.Debug|Any CPU.Build.0 = Debug|Any CPU
		{BF93EE56-7669-4318-97F2-619DBD3DBBAA}.Release|Any CPU.ActiveCfg = Release|Any CPU
		{BF93EE56-7669-4318-97F2-619DBD3DBBAA}.Release|Any CPU.Build.0 = Release|Any CPU
	EndGlobalSection
	GlobalSection(SolutionProperties) = preSolution
		HideSolutionNode = FALSE
	EndGlobalSection
	GlobalSection(ExtensibilityGlobals) = postSolution
		SolutionGuid = {FA156D7C-7985-4B2A-98E5-4E9467689806}
	EndGlobalSection
EndGlobal
