
Microsoft Visual Studio Solution File, Format Version 12.00
# Visual Studio Version 17
VisualStudioVersion = 17.11.35327.3
MinimumVisualStudioVersion = 10.0.40219.1
Project("{FAE04EC0-301F-11D3-BF4B-00C04F79EFBC}") = "TrabajoPiezasAjedrez", "TrabajoPiezasAjedrez\TrabajoPiezasAjedrez.csproj", "{834AC949-98E2-426A-80C6-AFA61D84AFF3}"
EndProject
Global
	GlobalSection(SolutionConfigurationPlatforms) = preSolution
		Debug|Any CPU = Debug|Any CPU
		Release|Any CPU = Release|Any CPU
	EndGlobalSection
	GlobalSection(ProjectConfigurationPlatforms) = postSolution
		{834AC949-98E2-426A-80C6-AFA61D84AFF3}.Debug|Any CPU.ActiveCfg = Debug|Any CPU
		{834AC949-98E2-426A-80C6-AFA61D84AFF3}.Debug|Any CPU.Build.0 = Debug|Any CPU
		{834AC949-98E2-426A-80C6-AFA61D84AFF3}.Release|Any CPU.ActiveCfg = Release|Any CPU
		{834AC949-98E2-426A-80C6-AFA61D84AFF3}.Release|Any CPU.Build.0 = Release|Any CPU
	EndGlobalSection
	GlobalSection(SolutionProperties) = preSolution
		HideSolutionNode = FALSE
	EndGlobalSection
	GlobalSection(ExtensibilityGlobals) = postSolution
		SolutionGuid = {CFA37BE2-9EFF-47DC-AC5B-3742938D5FB1}
	EndGlobalSection
EndGlobal
